
Microsoft Visual Studio Solution File, Format Version 12.00
# Visual Studio 2013
VisualStudioVersion = 12.0.40629.0
MinimumVisualStudioVersion = 10.0.40219.1
Project("{FAE04EC0-301F-11D3-BF4B-00C04F79EFBC}") = "SOD", "SOD\SOD.csproj", "{120151CB-1016-4A34-8AA6-B1E0F3801D38}"
	ProjectSection(ProjectDependencies) = postProject
		{42A0FA88-D4FA-4021-A904-309F621FA939} = {42A0FA88-D4FA-4021-A904-309F621FA939}
		{0BC32EB1-D228-46E0-8D61-566DD521CE51} = {0BC32EB1-D228-46E0-8D61-566DD521CE51}
	EndProjectSection
EndProject
Project("{FAE04EC0-301F-11D3-BF4B-00C04F79EFBC}") = "SOD.Services", "SOD.Services\SOD.Services.csproj", "{0BC32EB1-D228-46E0-8D61-566DD521CE51}"
EndProject
Project("{FAE04EC0-301F-11D3-BF4B-00C04F79EFBC}") = "SOD.Model", "SOD.Model\SOD.Model.csproj", "{42A0FA88-D4FA-4021-A904-309F621FA939}"
EndProject
Global
	GlobalSection(SolutionConfigurationPlatforms) = preSolution
		Debug|Any CPU = Debug|Any CPU
		Release|Any CPU = Release|Any CPU
	EndGlobalSection
	GlobalSection(ProjectConfigurationPlatforms) = postSolution
		{120151CB-1016-4A34-8AA6-B1E0F3801D38}.Debug|Any CPU.ActiveCfg = Debug|Any CPU
		{120151CB-1016-4A34-8AA6-B1E0F3801D38}.Debug|Any CPU.Build.0 = Debug|Any CPU
		{120151CB-1016-4A34-8AA6-B1E0F3801D38}.Release|Any CPU.ActiveCfg = Release|Any CPU
		{120151CB-1016-4A34-8AA6-B1E0F3801D38}.Release|Any CPU.Build.0 = Release|Any CPU
		{0BC32EB1-D228-46E0-8D61-566DD521CE51}.Debug|Any CPU.ActiveCfg = Debug|Any CPU
		{0BC32EB1-D228-46E0-8D61-566DD521CE51}.Debug|Any CPU.Build.0 = Debug|Any CPU
		{0BC32EB1-D228-46E0-8D61-566DD521CE51}.Release|Any CPU.ActiveCfg = Release|Any CPU
		{0BC32EB1-D228-46E0-8D61-566DD521CE51}.Release|Any CPU.Build.0 = Release|Any CPU
		{42A0FA88-D4FA-4021-A904-309F621FA939}.Debug|Any CPU.ActiveCfg = Debug|Any CPU
		{42A0FA88-D4FA-4021-A904-309F621FA939}.Debug|Any CPU.Build.0 = Debug|Any CPU
		{42A0FA88-D4FA-4021-A904-309F621FA939}.Release|Any CPU.ActiveCfg = Release|Any CPU
		{42A0FA88-D4FA-4021-A904-309F621FA939}.Release|Any CPU.Build.0 = Release|Any CPU
	EndGlobalSection
	GlobalSection(SolutionProperties) = preSolution
		HideSolutionNode = FALSE
	EndGlobalSection
EndGlobal
